{
  "version": 4,
  "terraform_version": "1.15.7",
  "serial": 3,
  "lineage": "9d0ae5d2-a751-e197-5bd7-399b98b84dec",
  "outputs": {},
  "resources": [
    {
      "mode": "managed",
      "type": "aws_vpc",
      "name": "my-terraform-lab-VPC",
      "provider": "provider[\"registry.terraform.io/hashicorp/aws\"]",
      "instances": [
        {
          "schema_version": 1,
          "attributes": {
            "arn": "arn:aws:ec2:us-east-1:699698155104:vpc/vpc-0de38d98f7d1ebfc4",
            "assign_generated_ipv6_cidr_block": false,
            "cidr_block": "10.0.0.0/16",
            "default_network_acl_id": "acl-04a2e183a7143e297",
            "default_route_table_id": "rtb-057cfe922c1aeacf3",
            "default_security_group_id": "sg-084e2284ae0aa0c1e",
            "dhcp_options_id": "dopt-0aa042dfffbc795a6",
            "enable_dns_hostnames": false,
            "enable_dns_support": true,
            "enable_network_address_usage_metrics": false,
            "id": "vpc-0de38d98f7d1ebfc4",
            "instance_tenancy": "default",
            "ipv4_ipam_pool_id": null,
            "ipv4_netmask_length": null,
            "ipv6_association_id": "",
            "ipv6_cidr_block": "",
            "ipv6_cidr_block_network_border_group": "",
            "ipv6_ipam_pool_id": "",
            "ipv6_netmask_length": 0,
            "main_route_table_id": "rtb-057cfe922c1aeacf3",
            "owner_id": "699698155104",
            "region": "us-east-1",
            "tags": {
              "Name": "terraform-lab"
            },
            "tags_all": {
              "CreatedBy": "Chandra",
              "Environment": "Development",
              "Name": "terraform-lab"
            }
          },
          "sensitive_attributes": [],
          "identity_schema_version": 0,
          "identity": {
            "account_id": "699698155104",
            "id": "vpc-0de38d98f7d1ebfc4",
            "region": "us-east-1"
          },
          "private": "eyJzY2hlbWFfdmVyc2lvbiI6IjEifQ=="
        }
      ]
    }
  ],
  "check_results": null
}
